
Microsoft Visual Studio Solution File, Format Version 12.00
# Visual Studio Version 17
VisualStudioVersion = 17.7.34031.279
MinimumVisualStudioVersion = 10.0.40219.1
Project("{FAE04EC0-301F-11D3-BF4B-00C04F79EFBC}") = "PersonalTrackingApp", "PersonalTrackingApp\PersonalTrackingApp.csproj", "{AE810122-EF54-46D7-8DBB-0033E5A29B03}"
EndProject
Project("{FAE04EC0-301F-11D3-BF4B-00C04F79EFBC}") = "BLL", "BLL\BLL.csproj", "{5485CB48-7A0E-4953-8B6E-32CAD1A6C175}"
EndProject
Project("{FAE04EC0-301F-11D3-BF4B-00C04F79EFBC}") = "DAL", "DAL\DAL.csproj", "{0C238D09-35A5-404D-A069-7CD67D8BE8E1}"
EndProject
Global
	GlobalSection(SolutionConfigurationPlatforms) = preSolution
		Debug|Any CPU = Debug|Any CPU
		Release|Any CPU = Release|Any CPU
	EndGlobalSection
	GlobalSection(ProjectConfigurationPlatforms) = postSolution
		{AE810122-EF54-46D7-8DBB-0033E5A29B03}.Debug|Any CPU.ActiveCfg = Debug|Any CPU
		{AE810122-EF54-46D7-8DBB-0033E5A29B03}.Debug|Any CPU.Build.0 = Debug|Any CPU
		{AE810122-EF54-46D7-8DBB-0033E5A29B03}.Release|Any CPU.ActiveCfg = Release|Any CPU
		{AE810122-EF54-46D7-8DBB-0033E5A29B03}.Release|Any CPU.Build.0 = Release|Any CPU
		{5485CB48-7A0E-4953-8B6E-32CAD1A6C175}.Debug|Any CPU.ActiveCfg = Debug|Any CPU
		{5485CB48-7A0E-4953-8B6E-32CAD1A6C175}.Debug|Any CPU.Build.0 = Debug|Any CPU
		{5485CB48-7A0E-4953-8B6E-32CAD1A6C175}.Release|Any CPU.ActiveCfg = Release|Any CPU
		{5485CB48-7A0E-4953-8B6E-32CAD1A6C175}.Release|Any CPU.Build.0 = Release|Any CPU
		{0C238D09-35A5-404D-A069-7CD67D8BE8E1}.Debug|Any CPU.ActiveCfg = Debug|Any CPU
		{0C238D09-35A5-404D-A069-7CD67D8BE8E1}.Debug|Any CPU.Build.0 = Debug|Any CPU
		{0C238D09-35A5-404D-A069-7CD67D8BE8E1}.Release|Any CPU.ActiveCfg = Release|Any CPU
		{0C238D09-35A5-404D-A069-7CD67D8BE8E1}.Release|Any CPU.Build.0 = Release|Any CPU
	EndGlobalSection
	GlobalSection(SolutionProperties) = preSolution
		HideSolutionNode = FALSE
	EndGlobalSection
	GlobalSection(ExtensibilityGlobals) = postSolution
		SolutionGuid = {530CBAEF-BDBB-4A73-891F-96B680FDE7A7}
	EndGlobalSection
EndGlobal
